PODS:
  - Flutter (1.0.0)
  - "permission_handler (5.1.0+2)":
    - Flutter
  - "twilio_programmable_video (0.10.0+1)":
    - Flutter
    - TwilioVideo (~> 4.4)
  - TwilioVideo (4.6.3)

DEPENDENCIES:
  - Flutter (from `Flutter`)
  - permission_handler (from `.symlinks/plugins/permission_handler/ios`)
  - twilio_programmable_video (from `.symlinks/plugins/twilio_programmable_video/ios`)

SPEC REPOS:
  trunk:
    - TwilioVideo

EXTERNAL SOURCES:
  Flutter:
    :path: Flutter
  permission_handler:
    :path: ".symlinks/plugins/permission_handler/ios"
  twilio_programmable_video:
    :path: ".symlinks/plugins/twilio_programmable_video/ios"

SPEC CHECKSUMS:
  Flutter: 50d75fe2f02b26cc09d224853bb45737f8b3214a
  permission_handler: ccb20a9fad0ee9b1314a52b70b76b473c5f8dab0
  twilio_programmable_video: 3c075e026ad3cb70ba448544353cf2fd4086f065
  TwilioVideo: 4afaac028c5886f2f3b313a9fcc146a6b7ca34e2

PODFILE CHECKSUM: aafe91acc616949ddb318b77800a7f51bffa2a4c

COCOAPODS: 1.11.3
